
Microsoft Visual Studio Solution File, Format Version 12.00
# Visual Studio Version 17
VisualStudioVersion = 17.13.35806.99 d17.13
MinimumVisualStudioVersion = 10.0.40219.1
Project("{FAE04EC0-301F-11D3-BF4B-00C04F79EFBC}") = "Lab03-A3-Ismael Arias", "Lab03-A3-Ismael Arias.csproj", "{E8790F10-D86B-4482-A687-AACE162EE549}"
EndProject
Global
	GlobalSection(SolutionConfigurationPlatforms) = preSolution
		Debug|Any CPU = Debug|Any CPU
		Release|Any CPU = Release|Any CPU
	EndGlobalSection
	GlobalSection(ProjectConfigurationPlatforms) = postSolution
		{E8790F10-D86B-4482-A687-AACE162EE549}.Debug|Any CPU.ActiveCfg = Debug|Any CPU
		{E8790F10-D86B-4482-A687-AACE162EE549}.Debug|Any CPU.Build.0 = Debug|Any CPU
		{E8790F10-D86B-4482-A687-AACE162EE549}.Release|Any CPU.ActiveCfg = Release|Any CPU
		{E8790F10-D86B-4482-A687-AACE162EE549}.Release|Any CPU.Build.0 = Release|Any CPU
	EndGlobalSection
	GlobalSection(SolutionProperties) = preSolution
		HideSolutionNode = FALSE
	EndGlobalSection
	GlobalSection(ExtensibilityGlobals) = postSolution
		SolutionGuid = {A8749743-B215-4622-A481-6B268330D028}
	EndGlobalSection
EndGlobal
